
Microsoft Visual Studio Solution File, Format Version 12.00
# Visual Studio Version 16
VisualStudioVersion = 16.0.29806.167
MinimumVisualStudioVersion = 10.0.40219.1
Project("{FAE04EC0-301F-11D3-BF4B-00C04F79EFBC}") = "RobotRaconteurWeb.StandardRobDefLib", "RobotRaconteurWeb.StandardRobDefLib.csproj", "{64ED1063-8C65-4F0A-BB25-585A80F20FB8}"
EndProject
Global
	GlobalSection(SolutionConfigurationPlatforms) = preSolution
		Debug|Any CPU = Debug|Any CPU
		Release|Any CPU = Release|Any CPU
	EndGlobalSection
	GlobalSection(ProjectConfigurationPlatforms) = postSolution
		{64ED1063-8C65-4F0A-BB25-585A80F20FB8}.Debug|Any CPU.ActiveCfg = Debug|Any CPU
		{64ED1063-8C65-4F0A-BB25-585A80F20FB8}.Debug|Any CPU.Build.0 = Debug|Any CPU
		{64ED1063-8C65-4F0A-BB25-585A80F20FB8}.Release|Any CPU.ActiveCfg = Release|Any CPU
		{64ED1063-8C65-4F0A-BB25-585A80F20FB8}.Release|Any CPU.Build.0 = Release|Any CPU
	EndGlobalSection
	GlobalSection(SolutionProperties) = preSolution
		HideSolutionNode = FALSE
	EndGlobalSection
	GlobalSection(ExtensibilityGlobals) = postSolution
		SolutionGuid = {D8789477-AA1F-4947-B8D8-4A0513F69FCD}
	EndGlobalSection
EndGlobal
